// !$*UTF8*$!
{
	archiveVersion = 1;
	classes = {
	};
	objectVersion = 46;
	objects = {

/* Begin PBXBuildFile section */
		22B884AC1904D80000E50FDC /* Foundation.framework in Frameworks */ = {isa = PBXBuildFile; fileRef = 22B884AB1904D80000E50FDC /* Foundation.framework */; };
		22B884AE1904D80000E50FDC /* CoreGraphics.framework in Frameworks */ = {isa = PBXBuildFile; fileRef = 22B884AD1904D80000E50FDC /* CoreGraphics.framework */; };
		22B884B01904D80000E50FDC /* UIKit.framework in Frameworks */ = {isa = PBXBuildFile; fileRef = 22B884AF1904D80000E50FDC /* UIKit.framework */; };
		22B884B61904D80000E50FDC /* InfoPlist.strings in Resources */ = {isa = PBXBuildFile; fileRef = 22B884B41904D80000E50FDC /* InfoPlist.strings */; };
		22B884B81904D80000E50FDC /* main.m in Sources */ = {isa = PBXBuildFile; fileRef = 22B884B71904D80000E50FDC /* main.m */; };
		22B884BC1904D80000E50FDC /* SMAppDelegate.m in Sources */ = {isa = PBXBuildFile; fileRef = 22B884BB1904D80000E50FDC /* SMAppDelegate.m */; };
		22B884BE1904D80000E50FDC /* Images.xcassets in Resources */ = {isa = PBXBuildFile; fileRef = 22B884BD1904D80000E50FDC /* Images.xcassets */; };
		22B884DF1904DA1900E50FDC /* SMImageCell.m in Sources */ = {isa = PBXBuildFile; fileRef = 22B884DE1904DA1900E50FDC /* SMImageCell.m */; };
		22B884E21904DA3B00E50FDC /* SMViewController.m in Sources */ = {isa = PBXBuildFile; fileRef = 22B884E11904DA3B00E50FDC /* SMViewController.m */; };
		22B884EF1904DF0C00E50FDC /* 0.jpeg in Resources */ = {isa = PBXBuildFile; fileRef = 22B884E51904DF0C00E50FDC /* 0.jpeg */; };
		22B884F01904DF0C00E50FDC /* 1.jpeg in Resources */ = {isa = PBXBuildFile; fileRef = 22B884E61904DF0C00E50FDC /* 1.jpeg */; };
		22B884F11904DF0C00E50FDC /* 2.jpeg in Resources */ = {isa = PBXBuildFile; fileRef = 22B884E71904DF0C00E50FDC /* 2.jpeg */; };
		22B884F21904DF0C00E50FDC /* 3.jpeg in Resources */ = {isa = PBXBuildFile; fileRef = 22B884E81904DF0C00E50FDC /* 3.jpeg */; };
		22B884F31904DF0C00E50FDC /* 4.jpeg in Resources */ = {isa = PBXBuildFile; fileRef = 22B884E91904DF0C00E50FDC /* 4.jpeg */; };
		22B884F41904DF0C00E50FDC /* 5.jpeg in Resources */ = {isa = PBXBuildFile; fileRef = 22B884EA1904DF0C00E50FDC /* 5.jpeg */; };
		22B884F51904DF0C00E50FDC /* 6.jpeg in Resources */ = {isa = PBXBuildFile; fileRef = 22B884EB1904DF0C00E50FDC /* 6.jpeg */; };
		22B884F61904DF0C00E50FDC /* 7.jpeg in Resources */ = {isa = PBXBuildFile; fileRef = 22B884EC1904DF0C00E50FDC /* 7.jpeg */; };
		22B884F71904DF0C00E50FDC /* 8.jpeg in Resources */ = {isa = PBXBuildFile; fileRef = 22B884ED1904DF0C00E50FDC /* 8.jpeg */; };
		22B884F81904DF0C00E50FDC /* 9.jpeg in Resources */ = {isa = PBXBuildFile; fileRef = 22B884EE1904DF0C00E50FDC /* 9.jpeg */; };
		22B884FC190517CF00E50FDC /* SMMosaicCollectionView.m in Sources */ = {isa = PBXBuildFile; fileRef = 22B884FB190517CF00E50FDC /* SMMosaicCollectionView.m */; };
/* End PBXBuildFile section */

/* Begin PBXFileReference section */
		22B884A81904D80000E50FDC /* SMMosaicCollectionView.app */ = {isa = PBXFileReference; explicitFileType = wrapper.application; includeInIndex = 0; path = SMMosaicCollectionView.app; sourceTree = BUILT_PRODUCTS_DIR; };
		22B884AB1904D80000E50FDC /* Foundation.framework */ = {isa = PBXFileReference; lastKnownFileType = wrapper.framework; name = Foundation.framework; path = System/Library/Frameworks/Foundation.framework; sourceTree = SDKROOT; };
		22B884AD1904D80000E50FDC /* CoreGraphics.framework */ = {isa = PBXFileReference; lastKnownFileType = wrapper.framework; name = CoreGraphics.framework; path = System/Library/Frameworks/CoreGraphics.framework; sourceTree = SDKROOT; };
		22B884AF1904D80000E50FDC /* UIKit.framework */ = {isa = PBXFileReference; lastKnownFileType = wrapper.framework; name = UIKit.framework; path = System/Library/Frameworks/UIKit.framework; sourceTree = SDKROOT; };
		22B884B31904D80000E50FDC /* SMMosaicCollectionView-Info.plist */ = {isa = PBXFileReference; lastKnownFileType = text.plist.xml; path = "SMMosaicCollectionView-Info.plist"; sourceTree = "<group>"; };
		22B884B51904D80000E50FDC /* en */ = {isa = PBXFileReference; lastKnownFileType = text.plist.strings; name = en; path = en.lproj/InfoPlist.strings; sourceTree = "<group>"; };
		22B884B71904D80000E50FDC /* main.m */ = {isa = PBXFileReference; lastKnownFileType = sourcecode.c.objc; path = main.m; sourceTree = "<group>"; };
		22B884B91904D80000E50FDC /* SMMosaicCollectionView-Prefix.pch */ = {isa = PBXFileReference; lastKnownFileType = sourcecode.c.h; path = "SMMosaicCollectionView-Prefix.pch"; sourceTree = "<group>"; };
		22B884BA1904D80000E50FDC /* SMAppDelegate.h */ = {isa = PBXFileReference; lastKnownFileType = sourcecode.c.h; path = SMAppDelegate.h; sourceTree = "<group>"; };
		22B884BB1904D80000E50FDC /* SMAppDelegate.m */ = {isa = PBXFileReference; lastKnownFileType = sourcecode.c.objc; path = SMAppDelegate.m; sourceTree = "<group>"; };
		22B884BD1904D80000E50FDC /* Images.xcassets */ = {isa = PBXFileReference; lastKnownFileType = folder.assetcatalog; path = Images.xcassets; sourceTree = "<group>"; };
		22B884C41904D80000E50FDC /* XCTest.framework */ = {isa = PBXFileReference; lastKnownFileType = wrapper.framework; name = XCTest.framework; path = Library/Frameworks/XCTest.framework; sourceTree = DEVELOPER_DIR; };
		22B884DD1904DA1900E50FDC /* SMImageCell.h */ = {isa = PBXFileReference; fileEncoding = 4; lastKnownFileType = sourcecode.c.h; name = SMImageCell.h; path = ../Example/SMImageCell.h; sourceTree = "<group>"; };
		22B884DE1904DA1900E50FDC /* SMImageCell.m */ = {isa = PBXFileReference; fileEncoding = 4; lastKnownFileType = sourcecode.c.objc; name = SMImageCell.m; path = ../Example/SMImageCell.m; sourceTree = "<group>"; };
		22B884E01904DA3B00E50FDC /* SMViewController.h */ = {isa = PBXFileReference; fileEncoding = 4; lastKnownFileType = sourcecode.c.h; name = SMViewController.h; path = Example/SMViewController.h; sourceTree = "<group>"; };
		22B884E11904DA3B00E50FDC /* SMViewController.m */ = {isa = PBXFileReference; fileEncoding = 4; lastKnownFileType = sourcecode.c.objc; name = SMViewController.m; path = Example/SMViewController.m; sourceTree = "<group>"; };
		22B884E51904DF0C00E50FDC /* 0.jpeg */ = {isa = PBXFileReference; lastKnownFileType = image.jpeg; path = 0.jpeg; sourceTree = "<group>"; };
		22B884E61904DF0C00E50FDC /* 1.jpeg */ = {isa = PBXFileReference; lastKnownFileType = image.jpeg; path = 1.jpeg; sourceTree = "<group>"; };
		22B884E71904DF0C00E50FDC /* 2.jpeg */ = {isa = PBXFileReference; lastKnownFileType = image.jpeg; path = 2.jpeg; sourceTree = "<group>"; };
		22B884E81904DF0C00E50FDC /* 3.jpeg */ = {isa = PBXFileReference; lastKnownFileType = image.jpeg; path = 3.jpeg; sourceTree = "<group>"; };
		22B884E91904DF0C00E50FDC /* 4.jpeg */ = {isa = PBXFileReference; lastKnownFileType = image.jpeg; path = 4.jpeg; sourceTree = "<group>"; };
		22B884EA1904DF0C00E50FDC /* 5.jpeg */ = {isa = PBXFileReference; lastKnownFileType = image.jpeg; path = 5.jpeg; sourceTree = "<group>"; };
		22B884EB1904DF0C00E50FDC /* 6.jpeg */ = {isa = PBXFileReference; lastKnownFileType = image.jpeg; path = 6.jpeg; sourceTree = "<group>"; };
		22B884EC1904DF0C00E50FDC /* 7.jpeg */ = {isa = PBXFileReference; lastKnownFileType = image.jpeg; path = 7.jpeg; sourceTree = "<group>"; };
		22B884ED1904DF0C00E50FDC /* 8.jpeg */ = {isa = PBXFileReference; lastKnownFileType = image.jpeg; path = 8.jpeg; sourceTree = "<group>"; };
		22B884EE1904DF0C00E50FDC /* 9.jpeg */ = {isa = PBXFileReference; lastKnownFileType = image.jpeg; path = 9.jpeg; sourceTree = "<group>"; };
		22B884FA190517CF00E50FDC /* SMMosaicCollectionView.h */ = {isa = PBXFileReference; fileEncoding = 4; lastKnownFileType = sourcecode.c.h; path = SMMosaicCollectionView.h; sourceTree = "<group>"; };
		22B884FB190517CF00E50FDC /* SMMosaicCollectionView.m */ = {isa = PBXFileReference; fileEncoding = 4; lastKnownFileType = sourcecode.c.objc; path = SMMosaicCollectionView.m; sourceTree = "<group>"; };
/* End PBXFileReference section */

/* Begin PBXFrameworksBuildPhase section */
		22B884A51904D80000E50FDC /* Frameworks */ = {
			isa = PBXFrameworksBuildPhase;
			buildActionMask = 2147483647;
			files = (
				22B884AE1904D80000E50FDC /* CoreGraphics.framework in Frameworks */,
				22B884B01904D80000E50FDC /* UIKit.framework in Frameworks */,
				22B884AC1904D80000E50FDC /* Foundation.framework in Frameworks */,
			);
			runOnlyForDeploymentPostprocessing = 0;
		};
/* End PBXFrameworksBuildPhase section */

/* Begin PBXGroup section */
		22B8849F1904D80000E50FDC = {
			isa = PBXGroup;
			children = (
				22B884B11904D80000E50FDC /* SMMosaicCollectionView */,
				22B884AA1904D80000E50FDC /* Frameworks */,
				22B884A91904D80000E50FDC /* Products */,
			);
			sourceTree = "<group>";
		};
		22B884A91904D80000E50FDC /* Products */ = {
			isa = PBXGroup;
			children = (
				22B884A81904D80000E50FDC /* SMMosaicCollectionView.app */,
			);
			name = Products;
			sourceTree = "<group>";
		};
		22B884AA1904D80000E50FDC /* Frameworks */ = {
			isa = PBXGroup;
			children = (
				22B884AB1904D80000E50FDC /* Foundation.framework */,
				22B884AD1904D80000E50FDC /* CoreGraphics.framework */,
				22B884AF1904D80000E50FDC /* UIKit.framework */,
				22B884C41904D80000E50FDC /* XCTest.framework */,
			);
			name = Frameworks;
			sourceTree = "<group>";
		};
		22B884B11904D80000E50FDC /* SMMosaicCollectionView */ = {
			isa = PBXGroup;
			children = (
				22B884BA1904D80000E50FDC /* SMAppDelegate.h */,
				22B884BB1904D80000E50FDC /* SMAppDelegate.m */,
				22B884F91905179F00E50FDC /* Source */,
				22B884E31904DA4600E50FDC /* Example */,
				22B884BD1904D80000E50FDC /* Images.xcassets */,
				22B884B21904D80000E50FDC /* Supporting Files */,
			);
			path = SMMosaicCollectionView;
			sourceTree = "<group>";
		};
		22B884B21904D80000E50FDC /* Supporting Files */ = {
			isa = PBXGroup;
			children = (
				22B884B31904D80000E50FDC /* SMMosaicCollectionView-Info.plist */,
				22B884B41904D80000E50FDC /* InfoPlist.strings */,
				22B884B71904D80000E50FDC /* main.m */,
				22B884B91904D80000E50FDC /* SMMosaicCollectionView-Prefix.pch */,
			);
			name = "Supporting Files";
			sourceTree = "<group>";
		};
		22B884E31904DA4600E50FDC /* Example */ = {
			isa = PBXGroup;
			children = (
				22B884E01904DA3B00E50FDC /* SMViewController.h */,
				22B884E11904DA3B00E50FDC /* SMViewController.m */,
				22B884E41904DF0C00E50FDC /* Images */,
			);
			name = Example;
			sourceTree = "<group>";
		};
		22B884E41904DF0C00E50FDC /* Images */ = {
			isa = PBXGroup;
			children = (
				22B884E51904DF0C00E50FDC /* 0.jpeg */,
				22B884E61904DF0C00E50FDC /* 1.jpeg */,
				22B884E71904DF0C00E50FDC /* 2.jpeg */,
				22B884E81904DF0C00E50FDC /* 3.jpeg */,
				22B884E91904DF0C00E50FDC /* 4.jpeg */,
				22B884EA1904DF0C00E50FDC /* 5.jpeg */,
				22B884EB1904DF0C00E50FDC /* 6.jpeg */,
				22B884EC1904DF0C00E50FDC /* 7.jpeg */,
				22B884ED1904DF0C00E50FDC /* 8.jpeg */,
				22B884EE1904DF0C00E50FDC /* 9.jpeg */,
			);
			name = Images;
			path = Example/Images;
			sourceTree = "<group>";
		};
		22B884F91905179F00E50FDC /* Source */ = {
			isa = PBXGroup;
			children = (
				22B884FA190517CF00E50FDC /* SMMosaicCollectionView.h */,
				22B884FB190517CF00E50FDC /* SMMosaicCollectionView.m */,
				22B884DD1904DA1900E50FDC /* SMImageCell.h */,
				22B884DE1904DA1900E50FDC /* SMImageCell.m */,
			);
			path = Source;
			sourceTree = "<group>";
		};
/* End PBXGroup section */

/* Begin PBXNativeTarget section */
		22B884A71904D80000E50FDC /* SMMosaicCollectionView */ = {
			isa = PBXNativeTarget;
			buildConfigurationList = 22B884D41904D80000E50FDC /* Build configuration list for PBXNativeTarget "SMMosaicCollectionView" */;
			buildPhases = (
				22B884A41904D80000E50FDC /* Sources */,
				22B884A51904D80000E50FDC /* Frameworks */,
				22B884A61904D80000E50FDC /* Resources */,
			);
			buildRules = (
			);
			dependencies = (
			);
			name = SMMosaicCollectionView;
			productName = SMMosaicCollectionView;
			productReference = 22B884A81904D80000E50FDC /* SMMosaicCollectionView.app */;
			productType = "com.apple.product-type.application";
		};
/* End PBXNativeTarget section */

/* Begin PBXProject section */
		22B884A01904D80000E50FDC /* Project object */ = {
			isa = PBXProject;
			attributes = {
				CLASSPREFIX = SM;
				LastUpgradeCheck = 0510;
				ORGANIZATIONNAME = "Sam McEwan";
			};
			buildConfigurationList = 22B884A31904D80000E50FDC /* Build configuration list for PBXProject "SMMosaicCollectionView" */;
			compatibilityVersion = "Xcode 3.2";
			developmentRegion = English;
			hasScannedForEncodings = 0;
			knownRegions = (
				en,
			);
			mainGroup = 22B8849F1904D80000E50FDC;
			productRefGroup = 22B884A91904D80000E50FDC /* Products */;
			projectDirPath = "";
			projectRoot = "";
			targets = (
				22B884A71904D80000E50FDC /* SMMosaicCollectionView */,
			);
		};
/* End PBXProject section */

/* Begin PBXResourcesBuildPhase section */
		22B884A61904D80000E50FDC /* Resources */ = {
			isa = PBXResourcesBuildPhase;
			buildActionMask = 2147483647;
			files = (
				22B884F11904DF0C00E50FDC /* 2.jpeg in Resources */,
				22B884EF1904DF0C00E50FDC /* 0.jpeg in Resources */,
				22B884B61904D80000E50FDC /* InfoPlist.strings in Resources */,
				22B884F81904DF0C00E50FDC /* 9.jpeg in Resources */,
				22B884F21904DF0C00E50FDC /* 3.jpeg in Resources */,
				22B884F71904DF0C00E50FDC /* 8.jpeg in Resources */,
				22B884F31904DF0C00E50FDC /* 4.jpeg in Resources */,
				22B884F61904DF0C00E50FDC /* 7.jpeg in Resources */,
				22B884BE1904D80000E50FDC /* Images.xcassets in Resources */,
				22B884F51904DF0C00E50FDC /* 6.jpeg in Resources */,
				22B884F01904DF0C00E50FDC /* 1.jpeg in Resources */,
				22B884F41904DF0C00E50FDC /* 5.jpeg in Resources */,
			);
			runOnlyForDeploymentPostprocessing = 0;
		};
/* End PBXResourcesBuildPhase section */

/* Begin PBXSourcesBuildPhase section */
		22B884A41904D80000E50FDC /* Sources */ = {
			isa = PBXSourcesBuildPhase;
			buildActionMask = 2147483647;
			files = (
				22B884FC190517CF00E50FDC /* SMMosaicCollectionView.m in Sources */,
				22B884E21904DA3B00E50FDC /* SMViewController.m in Sources */,
				22B884BC1904D80000E50FDC /* SMAppDelegate.m in Sources */,
				22B884B81904D80000E50FDC /* main.m in Sources */,
				22B884DF1904DA1900E50FDC /* SMImageCell.m in Sources */,
			);
			runOnlyForDeploymentPostprocessing = 0;
		};
/* End PBXSourcesBuildPhase section */

/* Begin PBXVariantGroup section */
		22B884B41904D80000E50FDC /* InfoPlist.strings */ = {
			isa = PBXVariantGroup;
			children = (
				22B884B51904D80000E50FDC /* en */,
			);
			name = InfoPlist.strings;
			sourceTree = "<group>";
		};
/* End PBXVariantGroup section */

/* Begin XCBuildConfiguration section */
		22B884D21904D80000E50FDC /* Debug */ = {
			isa = XCBuildConfiguration;
			buildSettings = {
				ALWAYS_SEARCH_USER_PATHS = NO;
				CLANG_CXX_LANGUAGE_STANDARD = "gnu++0x";
				CLANG_CXX_LIBRARY = "libc++";
				CLANG_ENABLE_MODULES = YES;
				CLANG_ENABLE_OBJC_ARC = YES;
				CLANG_WARN_BOOL_CONVERSION = YES;
				CLANG_WARN_CONSTANT_CONVERSION = YES;
				CLANG_WARN_DIRECT_OBJC_ISA_USAGE = YES_ERROR;
				CLANG_WARN_EMPTY_BODY = YES;
				CLANG_WARN_ENUM_CONVERSION = YES;
				CLANG_WARN_INT_CONVERSION = YES;
				CLANG_WARN_OBJC_ROOT_CLASS = YES_ERROR;
				CLANG_WARN__DUPLICATE_METHOD_MATCH = YES;
				"CODE_SIGN_IDENTITY[sdk=iphoneos*]" = "iPhone Developer";
				COPY_PHASE_STRIP = NO;
				GCC_C_LANGUAGE_STANDARD = gnu99;
				GCC_DYNAMIC_NO_PIC = NO;
				GCC_OPTIMIZATION_LEVEL = 0;
				GCC_PREPROCESSOR_DEFINITIONS = (
					"DEBUG=1",
					"$(inherited)",
				);
				GCC_SYMBOLS_PRIVATE_EXTERN = NO;
				GCC_WARN_64_TO_32_BIT_CONVERSION = YES;
				GCC_WARN_ABOUT_RETURN_TYPE = YES_ERROR;
				GCC_WARN_UNDECLARED_SELECTOR = YES;
				GCC_WARN_UNINITIALIZED_AUTOS = YES_AGGRESSIVE;
				GCC_WARN_UNUSED_FUNCTION = YES;
				GCC_WARN_UNUSED_VARIABLE = YES;
				IPHONEOS_DEPLOYMENT_TARGET = 7.1;
				ONLY_ACTIVE_ARCH = YES;
				SDKROOT = iphoneos;
				TARGETED_DEVICE_FAMILY = "1,2";
			};
			name = Debug;
		};
		22B884D31904D80000E50FDC /* Release */ = {
			isa = XCBuildConfiguration;
			buildSettings = {
				ALWAYS_SEARCH_USER_PATHS = NO;
				CLANG_CXX_LANGUAGE_STANDARD = "gnu++0x";
				CLANG_CXX_LIBRARY = "libc++";
				CLANG_ENABLE_MODULES = YES;
				CLANG_ENABLE_OBJC_ARC = YES;
				CLANG_WARN_BOOL_CONVERSION = YES;
				CLANG_WARN_CONSTANT_CONVERSION = YES;
				CLANG_WARN_DIRECT_OBJC_ISA_USAGE = YES_ERROR;
				CLANG_WARN_EMPTY_BODY = YES;
				CLANG_WARN_ENUM_CONVERSION = YES;
				CLANG_WARN_INT_CONVERSION = YES;
				CLANG_WARN_OBJC_ROOT_CLASS = YES_ERROR;
				CLANG_WARN__DUPLICATE_METHOD_MATCH = YES;
				"CODE_SIGN_IDENTITY[sdk=iphoneos*]" = "iPhone Developer";
				COPY_PHASE_STRIP = YES;
				ENABLE_NS_ASSERTIONS = NO;
				GCC_C_LANGUAGE_STANDARD = gnu99;
				GCC_WARN_64_TO_32_BIT_CONVERSION = YES;
				GCC_WARN_ABOUT_RETURN_TYPE = YES_ERROR;
				GCC_WARN_UNDECLARED_SELECTOR = YES;
				GCC_WARN_UNINITIALIZED_AUTOS = YES_AGGRESSIVE;
				GCC_WARN_UNUSED_FUNCTION = YES;
				GCC_WARN_UNUSED_VARIABLE = YES;
				IPHONEOS_DEPLOYMENT_TARGET = 7.1;
				SDKROOT = iphoneos;
				TARGETED_DEVICE_FAMILY = "1,2";
				VALIDATE_PRODUCT = YES;
			};
			name = Release;
		};
		22B884D51904D80000E50FDC /* Debug */ = {
			isa = XCBuildConfiguration;
			buildSettings = {
				ASSETCATALOG_COMPILER_APPICON_NAME = AppIcon;
				ASSETCATALOG_COMPILER_LAUNCHIMAGE_NAME = LaunchImage;
				GCC_PRECOMPILE_PREFIX_HEADER = YES;
				GCC_PREFIX_HEADER = "SMMosaicCollectionView/SMMosaicCollectionView-Prefix.pch";
				INFOPLIST_FILE = "SMMosaicCollectionView/SMMosaicCollectionView-Info.plist";
				PRODUCT_NAME = "$(TARGET_NAME)";
				WRAPPER_EXTENSION = app;
			};
			name = Debug;
		};
		22B884D61904D80000E50FDC /* Release */ = {
			isa = XCBuildConfiguration;
			buildSettings = {
				ASSETCATALOG_COMPILER_APPICON_NAME = AppIcon;
				ASSETCATALOG_COMPILER_LAUNCHIMAGE_NAME = LaunchImage;
				GCC_PRECOMPILE_PREFIX_HEADER = YES;
				GCC_PREFIX_HEADER = "SMMosaicCollectionView/SMMosaicCollectionView-Prefix.pch";
				INFOPLIST_FILE = "SMMosaicCollectionView/SMMosaicCollectionView-Info.plist";
				PRODUCT_NAME = "$(TARGET_NAME)";
				WRAPPER_EXTENSION = app;
			};
			name = Release;
		};
/* End XCBuildConfiguration section */

/* Begin XCConfigurationList section */
		22B884A31904D80000E50FDC /* Build configuration list for PBXProject "SMMosaicCollectionView" */ = {
			isa = XCConfigurationList;
			buildConfigurations = (
				22B884D21904D80000E50FDC /* Debug */,
				22B884D31904D80000E50FDC /* Release */,
			);
			defaultConfigurationIsVisible = 0;
			defaultConfigurationName = Release;
		};
		22B884D41904D80000E50FDC /* Build configuration list for PBXNativeTarget "SMMosaicCollectionView" */ = {
			isa = XCConfigurationList;
			buildConfigurations = (
				22B884D51904D80000E50FDC /* Debug */,
				22B884D61904D80000E50FDC /* Release */,
			);
			defaultConfigurationIsVisible = 0;
			defaultConfigurationName = Release;
		};
/* End XCConfigurationList section */
	};
	rootObject = 22B884A01904D80000E50FDC /* Project object */;
}
